
Microsoft Visual Studio Solution File, Format Version 12.00
# Visual Studio Version 16
VisualStudioVersion = 16.0.32510.428
MinimumVisualStudioVersion = 10.0.40219.1
Project("{FAE04EC0-301F-11D3-BF4B-00C04F79EFBC}") = "WebApp", "WebApp\WebApp.csproj", "{9F13ACF4-B115-47C7-B96D-9B9C70B02221}"
EndProject
Global
	GlobalSection(SolutionConfigurationPlatforms) = preSolution
		Debug|Any CPU = Debug|Any CPU
		Release|Any CPU = Release|Any CPU
	EndGlobalSection
	GlobalSection(ProjectConfigurationPlatforms) = postSolution
		{9F13ACF4-B115-47C7-B96D-9B9C70B02221}.Debug|Any CPU.ActiveCfg = Debug|Any CPU
		{9F13ACF4-B115-47C7-B96D-9B9C70B02221}.Debug|Any CPU.Build.0 = Debug|Any CPU
		{9F13ACF4-B115-47C7-B96D-9B9C70B02221}.Release|Any CPU.ActiveCfg = Release|Any CPU
		{9F13ACF4-B115-47C7-B96D-9B9C70B02221}.Release|Any CPU.Build.0 = Release|Any CPU
	EndGlobalSection
	GlobalSection(SolutionProperties) = preSolution
		HideSolutionNode = FALSE
	EndGlobalSection
	GlobalSection(ExtensibilityGlobals) = postSolution
		SolutionGuid = {41D45707-ECEB-4477-83C7-D47398582DEA}
	EndGlobalSection
EndGlobal
